// !$*UTF8*$!
{
	archiveVersion = 1;
	classes = {
	};
	objectVersion = 46;
	objects = {

/* Begin PBXBuildFile section */
		F50C39551F1577B600109767 /* AppDelegate.swift in Sources */ = {isa = PBXBuildFile; fileRef = F50C39541F1577B600109767 /* AppDelegate.swift */; };
		F50C39571F1577B600109767 /* ViewController.swift in Sources */ = {isa = PBXBuildFile; fileRef = F50C39561F1577B600109767 /* ViewController.swift */; };
		F50C395A1F1577B600109767 /* Main.storyboard in Resources */ = {isa = PBXBuildFile; fileRef = F50C39581F1577B600109767 /* Main.storyboard */; };
		F50C395C1F1577B600109767 /* Assets.xcassets in Resources */ = {isa = PBXBuildFile; fileRef = F50C395B1F1577B600109767 /* Assets.xcassets */; };
		F50C395F1F1577B600109767 /* LaunchScreen.storyboard in Resources */ = {isa = PBXBuildFile; fileRef = F50C395D1F1577B600109767 /* LaunchScreen.storyboard */; };
		F50C396A1F1577B600109767 /* iDev2017_watchOSTests.swift in Sources */ = {isa = PBXBuildFile; fileRef = F50C39691F1577B600109767 /* iDev2017_watchOSTests.swift */; };
		F50C39751F1577B700109767 /* iDev2017_watchOSUITests.swift in Sources */ = {isa = PBXBuildFile; fileRef = F50C39741F1577B700109767 /* iDev2017_watchOSUITests.swift */; };
		F50C397A1F1577B700109767 /* iDev2017_watchOS WatchKit App.app in Embed Watch Content */ = {isa = PBXBuildFile; fileRef = F50C39791F1577B700109767 /* iDev2017_watchOS WatchKit App.app */; };
		F50C39801F1577B700109767 /* Interface.storyboard in Resources */ = {isa = PBXBuildFile; fileRef = F50C397E1F1577B700109767 /* Interface.storyboard */; };
		F50C39821F1577B700109767 /* Assets.xcassets in Resources */ = {isa = PBXBuildFile; fileRef = F50C39811F1577B700109767 /* Assets.xcassets */; };
		F50C39891F1577B700109767 /* iDev2017_watchOS WatchKit Extension.appex in Embed App Extensions */ = {isa = PBXBuildFile; fileRef = F50C39881F1577B700109767 /* iDev2017_watchOS WatchKit Extension.appex */; settings = {ATTRIBUTES = (RemoveHeadersOnCopy, ); }; };
		F50C39901F1577B700109767 /* InterfaceController.swift in Sources */ = {isa = PBXBuildFile; fileRef = F50C398F1F1577B700109767 /* InterfaceController.swift */; };
		F50C39921F1577B700109767 /* ExtensionDelegate.swift in Sources */ = {isa = PBXBuildFile; fileRef = F50C39911F1577B700109767 /* ExtensionDelegate.swift */; };
		F50C39941F1577B700109767 /* NotificationController.swift in Sources */ = {isa = PBXBuildFile; fileRef = F50C39931F1577B700109767 /* NotificationController.swift */; };
		F50C39961F1577B700109767 /* ComplicationController.swift in Sources */ = {isa = PBXBuildFile; fileRef = F50C39951F1577B700109767 /* ComplicationController.swift */; };
		F50C39981F1577B700109767 /* Assets.xcassets in Resources */ = {isa = PBXBuildFile; fileRef = F50C39971F1577B700109767 /* Assets.xcassets */; };
		F50C39AE1F157A6400109767 /* Assets.xcassets in Resources */ = {isa = PBXBuildFile; fileRef = F50C395B1F1577B600109767 /* Assets.xcassets */; };
		F56279261F1CD4A000A1A6E3 /* NetworkUtilities.swift in Sources */ = {isa = PBXBuildFile; fileRef = F56279251F1CD4A000A1A6E3 /* NetworkUtilities.swift */; };
		F570139B1F362A440008328F /* Reachability.m in Sources */ = {isa = PBXBuildFile; fileRef = F57013991F362A440008328F /* Reachability.m */; };
		F570139D1F362B540008328F /* NetworkUtilities.swift in Sources */ = {isa = PBXBuildFile; fileRef = F56279251F1CD4A000A1A6E3 /* NetworkUtilities.swift */; };
		F57013A21F362C110008328F /* SystemConfiguration.framework in Frameworks */ = {isa = PBXBuildFile; fileRef = F57013A11F362C110008328F /* SystemConfiguration.framework */; };
		F57C2B551F1A3E9500501CA6 /* TweetInterfaceController.swift in Sources */ = {isa = PBXBuildFile; fileRef = F57C2B541F1A3E9500501CA6 /* TweetInterfaceController.swift */; };
		F57C2B5A1F1A40E400501CA6 /* MediaItem.swift in Sources */ = {isa = PBXBuildFile; fileRef = F57C2B571F1A40E400501CA6 /* MediaItem.swift */; };
		F57C2B5B1F1A40E400501CA6 /* Tweet.swift in Sources */ = {isa = PBXBuildFile; fileRef = F57C2B581F1A40E400501CA6 /* Tweet.swift */; };
		F57C2B5C1F1A40E400501CA6 /* User.swift in Sources */ = {isa = PBXBuildFile; fileRef = F57C2B591F1A40E400501CA6 /* User.swift */; };
		F57C2B5E1F1A40FC00501CA6 /* TwitterInterface.swift in Sources */ = {isa = PBXBuildFile; fileRef = F57C2B5D1F1A40FC00501CA6 /* TwitterInterface.swift */; };
		F57C2B601F1A412C00501CA6 /* TweetRowController.swift in Sources */ = {isa = PBXBuildFile; fileRef = F57C2B5F1F1A412C00501CA6 /* TweetRowController.swift */; };
		F5DFA5711F1BB62100610567 /* libcrypto.a in Frameworks */ = {isa = PBXBuildFile; fileRef = F5DFA56F1F1BB62100610567 /* libcrypto.a */; };
		F5DFA5721F1BB62100610567 /* libssl.a in Frameworks */ = {isa = PBXBuildFile; fileRef = F5DFA5701F1BB62100610567 /* libssl.a */; };
		F5DFA5C01F1BB8F100610567 /* libcrypto.a in Frameworks */ = {isa = PBXBuildFile; fileRef = F5DFA56F1F1BB62100610567 /* libcrypto.a */; };
		F5DFA5C11F1BB8F100610567 /* libssl.a in Frameworks */ = {isa = PBXBuildFile; fileRef = F5DFA5701F1BB62100610567 /* libssl.a */; };
		F5EBCA2B1F407A7E00347CDD /* WhitewalkerInterfaceController.swift in Sources */ = {isa = PBXBuildFile; fileRef = F5EBCA2A1F407A7E00347CDD /* WhitewalkerInterfaceController.swift */; };
/* End PBXBuildFile section */

/* Begin PBXContainerItemProxy section */
		F50C39661F1577B600109767 /* PBXContainerItemProxy */ = {
			isa = PBXContainerItemProxy;
			containerPortal = F50C39491F1577B600109767 /* Project object */;
			proxyType = 1;
			remoteGlobalIDString = F50C39501F1577B600109767;
			remoteInfo = iDev2017_watchOS;
		};
		F50C39711F1577B700109767 /* PBXContainerItemProxy */ = {
			isa = PBXContainerItemProxy;
			containerPortal = F50C39491F1577B600109767 /* Project object */;
			proxyType = 1;
			remoteGlobalIDString = F50C39501F1577B600109767;
			remoteInfo = iDev2017_watchOS;
		};
		F50C397B1F1577B700109767 /* PBXContainerItemProxy */ = {
			isa = PBXContainerItemProxy;
			containerPortal = F50C39491F1577B600109767 /* Project object */;
			proxyType = 1;
			remoteGlobalIDString = F50C39781F1577B700109767;
			remoteInfo = "iDev2017_watchOS WatchKit App";
		};
		F50C398A1F1577B700109767 /* PBXContainerItemProxy */ = {
			isa = PBXContainerItemProxy;
			containerPortal = F50C39491F1577B600109767 /* Project object */;
			proxyType = 1;
			remoteGlobalIDString = F50C39871F1577B700109767;
			remoteInfo = "iDev2017_watchOS WatchKit Extension";
		};
/* End PBXContainerItemProxy section */

/* Begin PBXCopyFilesBuildPhase section */
		F50C399F1F1577B700109767 /* Embed App Extensions */ = {
			isa = PBXCopyFilesBuildPhase;
			buildActionMask = 2147483647;
			dstPath = "";
			dstSubfolderSpec = 13;
			files = (
				F50C39891F1577B700109767 /* iDev2017_watchOS WatchKit Extension.appex in Embed App Extensions */,
			);
			name = "Embed App Extensions";
			runOnlyForDeploymentPostprocessing = 0;
		};
		F50C39A31F1577B700109767 /* Embed Watch Content */ = {
			isa = PBXCopyFilesBuildPhase;
			buildActionMask = 2147483647;
			dstPath = "$(CONTENTS_FOLDER_PATH)/Watch";
			dstSubfolderSpec = 16;
			files = (
				F50C397A1F1577B700109767 /* iDev2017_watchOS WatchKit App.app in Embed Watch Content */,
			);
			name = "Embed Watch Content";
			runOnlyForDeploymentPostprocessing = 0;
		};
/* End PBXCopyFilesBuildPhase section */

/* Begin PBXFileReference section */
		F50C39511F1577B600109767 /* iDev2017_watchOS.app */ = {isa = PBXFileReference; explicitFileType = wrapper.application; includeInIndex = 0; path = iDev2017_watchOS.app; sourceTree = BUILT_PRODUCTS_DIR; };
		F50C39541F1577B600109767 /* AppDelegate.swift */ = {isa = PBXFileReference; lastKnownFileType = sourcecode.swift; path = AppDelegate.swift; sourceTree = "<group>"; };
		F50C39561F1577B600109767 /* ViewController.swift */ = {isa = PBXFileReference; lastKnownFileType = sourcecode.swift; path = ViewController.swift; sourceTree = "<group>"; };
		F50C39591F1577B600109767 /* Base */ = {isa = PBXFileReference; lastKnownFileType = file.storyboard; name = Base; path = Base.lproj/Main.storyboard; sourceTree = "<group>"; };
		F50C395B1F1577B600109767 /* Assets.xcassets */ = {isa = PBXFileReference; lastKnownFileType = folder.assetcatalog; path = Assets.xcassets; sourceTree = "<group>"; };
		F50C395E1F1577B600109767 /* Base */ = {isa = PBXFileReference; lastKnownFileType = file.storyboard; name = Base; path = Base.lproj/LaunchScreen.storyboard; sourceTree = "<group>"; };
		F50C39601F1577B600109767 /* Info.plist */ = {isa = PBXFileReference; lastKnownFileType = text.plist.xml; path = Info.plist; sourceTree = "<group>"; };
		F50C39651F1577B600109767 /* iDev2017_watchOSTests.xctest */ = {isa = PBXFileReference; explicitFileType = wrapper.cfbundle; includeInIndex = 0; path = iDev2017_watchOSTests.xctest; sourceTree = BUILT_PRODUCTS_DIR; };
		F50C39691F1577B600109767 /* iDev2017_watchOSTests.swift */ = {isa = PBXFileReference; lastKnownFileType = sourcecode.swift; path = iDev2017_watchOSTests.swift; sourceTree = "<group>"; };
		F50C396B1F1577B600109767 /* Info.plist */ = {isa = PBXFileReference; lastKnownFileType = text.plist.xml; path = Info.plist; sourceTree = "<group>"; };
		F50C39701F1577B600109767 /* iDev2017_watchOSUITests.xctest */ = {isa = PBXFileReference; explicitFileType = wrapper.cfbundle; includeInIndex = 0; path = iDev2017_watchOSUITests.xctest; sourceTree = BUILT_PRODUCTS_DIR; };
		F50C39741F1577B700109767 /* iDev2017_watchOSUITests.swift */ = {isa = PBXFileReference; lastKnownFileType = sourcecode.swift; path = iDev2017_watchOSUITests.swift; sourceTree = "<group>"; };
		F50C39761F1577B700109767 /* Info.plist */ = {isa = PBXFileReference; lastKnownFileType = text.plist.xml; path = Info.plist; sourceTree = "<group>"; };
		F50C39791F1577B700109767 /* iDev2017_watchOS WatchKit App.app */ = {isa = PBXFileReference; explicitFileType = wrapper.application; includeInIndex = 0; path = "iDev2017_watchOS WatchKit App.app"; sourceTree = BUILT_PRODUCTS_DIR; };
		F50C397F1F1577B700109767 /* Base */ = {isa = PBXFileReference; lastKnownFileType = file.storyboard; name = Base; path = Base.lproj/Interface.storyboard; sourceTree = "<group>"; };
		F50C39811F1577B700109767 /* Assets.xcassets */ = {isa = PBXFileReference; lastKnownFileType = folder.assetcatalog; path = Assets.xcassets; sourceTree = "<group>"; };
		F50C39831F1577B700109767 /* Info.plist */ = {isa = PBXFileReference; lastKnownFileType = text.plist.xml; path = Info.plist; sourceTree = "<group>"; };
		F50C39881F1577B700109767 /* iDev2017_watchOS WatchKit Extension.appex */ = {isa = PBXFileReference; explicitFileType = "wrapper.app-extension"; includeInIndex = 0; path = "iDev2017_watchOS WatchKit Extension.appex"; sourceTree = BUILT_PRODUCTS_DIR; };
		F50C398E1F1577B700109767 /* PushNotificationPayload.apns */ = {isa = PBXFileReference; lastKnownFileType = text; path = PushNotificationPayload.apns; sourceTree = "<group>"; };
		F50C398F1F1577B700109767 /* InterfaceController.swift */ = {isa = PBXFileReference; lastKnownFileType = sourcecode.swift; path = InterfaceController.swift; sourceTree = "<group>"; };
		F50C39911F1577B700109767 /* ExtensionDelegate.swift */ = {isa = PBXFileReference; lastKnownFileType = sourcecode.swift; path = ExtensionDelegate.swift; sourceTree = "<group>"; };
		F50C39931F1577B700109767 /* NotificationController.swift */ = {isa = PBXFileReference; lastKnownFileType = sourcecode.swift; path = NotificationController.swift; sourceTree = "<group>"; };
		F50C39951F1577B700109767 /* ComplicationController.swift */ = {isa = PBXFileReference; lastKnownFileType = sourcecode.swift; path = ComplicationController.swift; sourceTree = "<group>"; };
		F50C39971F1577B700109767 /* Assets.xcassets */ = {isa = PBXFileReference; lastKnownFileType = folder.assetcatalog; path = Assets.xcassets; sourceTree = "<group>"; };
		F50C39991F1577B700109767 /* Info.plist */ = {isa = PBXFileReference; lastKnownFileType = text.plist.xml; path = Info.plist; sourceTree = "<group>"; };
		F56279251F1CD4A000A1A6E3 /* NetworkUtilities.swift */ = {isa = PBXFileReference; fileEncoding = 4; lastKnownFileType = sourcecode.swift; name = NetworkUtilities.swift; path = ../Network/NetworkUtilities.swift; sourceTree = "<group>"; };
		F56279281F1CD59700A1A6E3 /* idev2017-watchOS-Bridging-Header.h */ = {isa = PBXFileReference; fileEncoding = 4; lastKnownFileType = sourcecode.c.h; path = "idev2017-watchOS-Bridging-Header.h"; sourceTree = "<group>"; };
		F57013991F362A440008328F /* Reachability.m */ = {isa = PBXFileReference; fileEncoding = 4; lastKnownFileType = sourcecode.c.objc; path = Reachability.m; sourceTree = "<group>"; };
		F570139A1F362A440008328F /* Reachability.h */ = {isa = PBXFileReference; fileEncoding = 4; lastKnownFileType = sourcecode.c.h; path = Reachability.h; sourceTree = "<group>"; };
		F570139E1F362B740008328F /* iDev2017_watchOS-Bridging-Header.h */ = {isa = PBXFileReference; lastKnownFileType = sourcecode.c.h; name = "iDev2017_watchOS-Bridging-Header.h"; path = "iDev2017_watchOS/iDev2017_watchOS-Bridging-Header.h"; sourceTree = SOURCE_ROOT; };
		F57013A11F362C110008328F /* SystemConfiguration.framework */ = {isa = PBXFileReference; lastKnownFileType = wrapper.framework; name = SystemConfiguration.framework; path = System/Library/Frameworks/SystemConfiguration.framework; sourceTree = SDKROOT; };
		F57C2B541F1A3E9500501CA6 /* TweetInterfaceController.swift */ = {isa = PBXFileReference; fileEncoding = 4; lastKnownFileType = sourcecode.swift; path = TweetInterfaceController.swift; sourceTree = "<group>"; };
		F57C2B571F1A40E400501CA6 /* MediaItem.swift */ = {isa = PBXFileReference; fileEncoding = 4; lastKnownFileType = sourcecode.swift; name = MediaItem.swift; path = Twitter/MediaItem.swift; sourceTree = "<group>"; };
		F57C2B581F1A40E400501CA6 /* Tweet.swift */ = {isa = PBXFileReference; fileEncoding = 4; lastKnownFileType = sourcecode.swift; name = Tweet.swift; path = Twitter/Tweet.swift; sourceTree = "<group>"; };
		F57C2B591F1A40E400501CA6 /* User.swift */ = {isa = PBXFileReference; fileEncoding = 4; lastKnownFileType = sourcecode.swift; name = User.swift; path = Twitter/User.swift; sourceTree = "<group>"; };
		F57C2B5D1F1A40FC00501CA6 /* TwitterInterface.swift */ = {isa = PBXFileReference; fileEncoding = 4; lastKnownFileType = sourcecode.swift; name = TwitterInterface.swift; path = Twitter/TwitterInterface.swift; sourceTree = "<group>"; };
		F57C2B5F1F1A412C00501CA6 /* TweetRowController.swift */ = {isa = PBXFileReference; fileEncoding = 4; lastKnownFileType = sourcecode.swift; path = TweetRowController.swift; sourceTree = "<group>"; };
		F5DFA56F1F1BB62100610567 /* libcrypto.a */ = {isa = PBXFileReference; lastKnownFileType = archive.ar; name = libcrypto.a; path = Frameworks/openSSL/lib/libcrypto.a; sourceTree = "<group>"; };
		F5DFA5701F1BB62100610567 /* libssl.a */ = {isa = PBXFileReference; lastKnownFileType = archive.ar; name = libssl.a; path = Frameworks/openSSL/lib/libssl.a; sourceTree = "<group>"; };
		F5DFA5751F1BB76B00610567 /* aes.h */ = {isa = PBXFileReference; fileEncoding = 4; lastKnownFileType = sourcecode.c.h; name = aes.h; path = Frameworks/openSSL/include/openssl/aes.h; sourceTree = "<group>"; };
		F5DFA5761F1BB76B00610567 /* asn1_mac.h */ = {isa = PBXFileReference; fileEncoding = 4; lastKnownFileType = sourcecode.c.h; name = asn1_mac.h; path = Frameworks/openSSL/include/openssl/asn1_mac.h; sourceTree = "<group>"; };
		F5DFA5771F1BB76B00610567 /* asn1.h */ = {isa = PBXFileReference; fileEncoding = 4; lastKnownFileType = sourcecode.c.h; name = asn1.h; path = Frameworks/openSSL/include/openssl/asn1.h; sourceTree = "<group>"; };
		F5DFA5781F1BB76B00610567 /* asn1t.h */ = {isa = PBXFileReference; fileEncoding = 4; lastKnownFileType = sourcecode.c.h; name = asn1t.h; path = Frameworks/openSSL/include/openssl/asn1t.h; sourceTree = "<group>"; };
		F5DFA5791F1BB76B00610567 /* bio.h */ = {isa = PBXFileReference; fileEncoding = 4; lastKnownFileType = sourcecode.c.h; name = bio.h; path = Frameworks/openSSL/include/openssl/bio.h; sourceTree = "<group>"; };
		F5DFA57A1F1BB76B00610567 /* blowfish.h */ = {isa = PBXFileReference; fileEncoding = 4; lastKnownFileType = sourcecode.c.h; name = blowfish.h; path = Frameworks/openSSL/include/openssl/blowfish.h; sourceTree = "<group>"; };
		F5DFA57B1F1BB76B00610567 /* bn.h */ = {isa = PBXFileReference; fileEncoding = 4; lastKnownFileType = sourcecode.c.h; name = bn.h; path = Frameworks/openSSL/include/openssl/bn.h; sourceTree = "<group>"; };
		F5DFA57C1F1BB76B00610567 /* buffer.h */ = {isa = PBXFileReference; fileEncoding = 4; lastKnownFileType = sourcecode.c.h; name = buffer.h; path = Frameworks/openSSL/include/openssl/buffer.h; sourceTree = "<group>"; };
		F5DFA57D1F1BB76B00610567 /* camellia.h */ = {isa = PBXFileReference; fileEncoding = 4; lastKnownFileType = sourcecode.c.h; name = camellia.h; path = Frameworks/openSSL/include/openssl/camellia.h; sourceTree = "<group>"; };
		F5DFA57E1F1BB76B00610567 /* cast.h */ = {isa = PBXFileReference; fileEncoding = 4; lastKnownFileType = sourcecode.c.h; name = cast.h; path = Frameworks/openSSL/include/openssl/cast.h; sourceTree = "<group>"; };
		F5DFA57F1F1BB76B00610567 /* cmac.h */ = {isa = PBXFileReference; fileEncoding = 4; lastKnownFileType = sourcecode.c.h; name = cmac.h; path = Frameworks/openSSL/include/openssl/cmac.h; sourceTree = "<group>"; };
		F5DFA5801F1BB76B00610567 /* cms.h */ = {isa = PBXFileReference; fileEncoding = 4; lastKnownFileType = sourcecode.c.h; name = cms.h; path = Frameworks/openSSL/include/openssl/cms.h; sourceTree = "<group>"; };
		F5DFA5811F1BB76B00610567 /* comp.h */ = {isa = PBXFileReference; fileEncoding = 4; lastKnownFileType = sourcecode.c.h; name = comp.h; path = Frameworks/openSSL/include/openssl/comp.h; sourceTree = "<group>"; };
		F5DFA5821F1BB76B00610567 /* conf_api.h */ = {isa = PBXFileReference; fileEncoding = 4; lastKnownFileType = sourcecode.c.h; name = conf_api.h; path = Frameworks/openSSL/include/openssl/conf_api.h; sourceTree = "<group>"; };
		F5DFA5831F1BB76B00610567 /* conf.h */ = {isa = PBXFileReference; fileEncoding = 4; lastKnownFileType = sourcecode.c.h; name = conf.h; path = Frameworks/openSSL/include/openssl/conf.h; sourceTree = "<group>"; };
		F5DFA5841F1BB76B00610567 /* crypto.h */ = {isa = PBXFileReference; fileEncoding = 4; lastKnownFileType = sourcecode.c.h; name = crypto.h; path = Frameworks/openSSL/include/openssl/crypto.h; sourceTree = "<group>"; };
		F5DFA5851F1BB76B00610567 /* des_old.h */ = {isa = PBXFileReference; fileEncoding = 4; lastKnownFileType = sourcecode.c.h; name = des_old.h; path = Frameworks/openSSL/include/openssl/des_old.h; sourceTree = "<group>"; };
		F5DFA5861F1BB76B00610567 /* des.h */ = {isa = PBXFileReference; fileEncoding = 4; lastKnownFileType = sourcecode.c.h; name = des.h; path = Frameworks/openSSL/include/openssl/des.h; sourceTree = "<group>"; };
		F5DFA5871F1BB76B00610567 /* dh.h */ = {isa = PBXFileReference; fileEncoding = 4; lastKnownFileType = sourcecode.c.h; name = dh.h; path = Frameworks/openSSL/include/openssl/dh.h; sourceTree = "<group>"; };
		F5DFA5881F1BB76B00610567 /* dsa.h */ = {isa = PBXFileReference; fileEncoding = 4; lastKnownFileType = sourcecode.c.h; name = dsa.h; path = Frameworks/openSSL/include/openssl/dsa.h; sourceTree = "<group>"; };
		F5DFA5891F1BB76B00610567 /* dso.h */ = {isa = PBXFileReference; fileEncoding = 4; lastKnownFileType = sourcecode.c.h; name = dso.h; path = Frameworks/openSSL/include/openssl/dso.h; sourceTree = "<group>"; };
		F5DFA58A1F1BB76B00610567 /* dtls1.h */ = {isa = PBXFileReference; fileEncoding = 4; lastKnownFileType = sourcecode.c.h; name = dtls1.h; path = Frameworks/openSSL/include/openssl/dtls1.h; sourceTree = "<group>"; };
		F5DFA58B1F1BB76B00610567 /* e_os2.h */ = {isa = PBXFileReference; fileEncoding = 4; lastKnownFileType = sourcecode.c.h; name = e_os2.h; path = Frameworks/openSSL/include/openssl/e_os2.h; sourceTree = "<group>"; };
		F5DFA58C1F1BB76B00610567 /* ebcdic.h */ = {isa = PBXFileReference; fileEncoding = 4; lastKnownFileType = sourcecode.c.h; name = ebcdic.h; path = Frameworks/openSSL/include/openssl/ebcdic.h; sourceTree = "<group>"; };
		F5DFA58D1F1BB76B00610567 /* ec.h */ = {isa = PBXFileReference; fileEncoding = 4; lastKnownFileType = sourcecode.c.h; name = ec.h; path = Frameworks/openSSL/include/openssl/ec.h; sourceTree = "<group>"; };
		F5DFA58E1F1BB76B00610567 /* ecdh.h */ = {isa = PBXFileReference; fileEncoding = 4; lastKnownFileType = sourcecode.c.h; name = ecdh.h; path = Frameworks/openSSL/include/openssl/ecdh.h; sourceTree = "<group>"; };
		F5DFA58F1F1BB76B00610567 /* ecdsa.h */ = {isa = PBXFileReference; fileEncoding = 4; lastKnownFileType = sourcecode.c.h; name = ecdsa.h; path = Frameworks/openSSL/include/openssl/ecdsa.h; sourceTree = "<group>"; };
		F5DFA5901F1BB76B00610567 /* engine.h */ = {isa = PBXFileReference; fileEncoding = 4; lastKnownFileType = sourcecode.c.h; name = engine.h; path = Frameworks/openSSL/include/openssl/engine.h; sourceTree = "<group>"; };
		F5DFA5911F1BB76B00610567 /* err.h */ = {isa = PBXFileReference; fileEncoding = 4; lastKnownFileType = sourcecode.c.h; name = err.h; path = Frameworks/openSSL/include/openssl/err.h; sourceTree = "<group>"; };
		F5DFA5921F1BB76B00610567 /* evp.h */ = {isa = PBXFileReference; fileEncoding = 4; lastKnownFileType = sourcecode.c.h; name = evp.h; path = Frameworks/openSSL/include/openssl/evp.h; sourceTree = "<group>"; };
		F5DFA5931F1BB76B00610567 /* hmac.h */ = {isa = PBXFileReference; fileEncoding = 4; lastKnownFileType = sourcecode.c.h; name = hmac.h; path = Frameworks/openSSL/include/openssl/hmac.h; sourceTree = "<group>"; };
		F5DFA5941F1BB76B00610567 /* idea.h */ = {isa = PBXFileReference; fileEncoding = 4; lastKnownFileType = sourcecode.c.h; name = idea.h; path = Frameworks/openSSL/include/openssl/idea.h; sourceTree = "<group>"; };
		F5DFA5951F1BB76B00610567 /* krb5_asn.h */ = {isa = PBXFileReference; fileEncoding = 4; lastKnownFileType = sourcecode.c.h; name = krb5_asn.h; path = Frameworks/openSSL/include/openssl/krb5_asn.h; sourceTree = "<group>"; };
		F5DFA5961F1BB76B00610567 /* kssl.h */ = {isa = PBXFileReference; fileEncoding = 4; lastKnownFileType = sourcecode.c.h; name = kssl.h; path = Frameworks/openSSL/include/openssl/kssl.h; sourceTree = "<group>"; };
		F5DFA5971F1BB76B00610567 /* lhash.h */ = {isa = PBXFileReference; fileEncoding = 4; lastKnownFileType = sourcecode.c.h; name = lhash.h; path = Frameworks/openSSL/include/openssl/lhash.h; sourceTree = "<group>"; };
		F5DFA5981F1BB76B00610567 /* md4.h */ = {isa = PBXFileReference; fileEncoding = 4; lastKnownFileType = sourcecode.c.h; name = md4.h; path = Frameworks/openSSL/include/openssl/md4.h; sourceTree = "<group>"; };
		F5DFA5991F1BB76B00610567 /* md5.h */ = {isa = PBXFileReference; fileEncoding = 4; lastKnownFileType = sourcecode.c.h; name = md5.h; path = Frameworks/openSSL/include/openssl/md5.h; sourceTree = "<group>"; };
		F5DFA59A1F1BB76B00610567 /* mdc2.h */ = {isa = PBXFileReference; fileEncoding = 4; lastKnownFileType = sourcecode.c.h; name = mdc2.h; path = Frameworks/openSSL/include/openssl/mdc2.h; sourceTree = "<group>"; };
		F5DFA59B1F1BB76B00610567 /* modes.h */ = {isa = PBXFileReference; fileEncoding = 4; lastKnownFileType = sourcecode.c.h; name = modes.h; path = Frameworks/openSSL/include/openssl/modes.h; sourceTree = "<group>"; };
		F5DFA59C1F1BB76B00610567 /* obj_mac.h */ = {isa = PBXFileReference; fileEncoding = 4; lastKnownFileType = sourcecode.c.h; name = obj_mac.h; path = Frameworks/openSSL/include/openssl/obj_mac.h; sourceTree = "<group>"; };
		F5DFA59D1F1BB76B00610567 /* objects.h */ = {isa = PBXFileReference; fileEncoding = 4; lastKnownFileType = sourcecode.c.h; name = objects.h; path = Frameworks/openSSL/include/openssl/objects.h; sourceTree = "<group>"; };
		F5DFA59E1F1BB76B00610567 /* ocsp.h */ = {isa = PBXFileReference; fileEncoding = 4; lastKnownFileType = sourcecode.c.h; name = ocsp.h; path = Frameworks/openSSL/include/openssl/ocsp.h; sourceTree = "<group>"; };
		F5DFA59F1F1BB76B00610567 /* opensslconf.h */ = {isa = PBXFileReference; fileEncoding = 4; lastKnownFileType = sourcecode.c.h; name = opensslconf.h; path = Frameworks/openSSL/include/openssl/opensslconf.h; sourceTree = "<group>"; };
		F5DFA5A01F1BB76B00610567 /* opensslv.h */ = {isa = PBXFileReference; fileEncoding = 4; lastKnownFileType = sourcecode.c.h; name = opensslv.h; path = Frameworks/openSSL/include/openssl/opensslv.h; sourceTree = "<group>"; };
		F5DFA5A11F1BB76B00610567 /* ossl_typ.h */ = {isa = PBXFileReference; fileEncoding = 4; lastKnownFileType = sourcecode.c.h; name = ossl_typ.h; path = Frameworks/openSSL/include/openssl/ossl_typ.h; sourceTree = "<group>"; };
		F5DFA5A21F1BB76B00610567 /* pem.h */ = {isa = PBXFileReference; fileEncoding = 4; lastKnownFileType = sourcecode.c.h; name = pem.h; path = Frameworks/openSSL/include/openssl/pem.h; sourceTree = "<group>"; };
		F5DFA5A31F1BB76B00610567 /* pem2.h */ = {isa = PBXFileReference; fileEncoding = 4; lastKnownFileType = sourcecode.c.h; name = pem2.h; path = Frameworks/openSSL/include/openssl/pem2.h; sourceTree = "<group>"; };
		F5DFA5A41F1BB76B00610567 /* pkcs7.h */ = {isa = PBXFileReference; fileEncoding = 4; lastKnownFileType = sourcecode.c.h; name = pkcs7.h; path = Frameworks/openSSL/include/openssl/pkcs7.h; sourceTree = "<group>"; };
		F5DFA5A51F1BB76B00610567 /* pkcs12.h */ = {isa = PBXFileReference; fileEncoding = 4; lastKnownFileType = sourcecode.c.h; name = pkcs12.h; path = Frameworks/openSSL/include/openssl/pkcs12.h; sourceTree = "<group>"; };
		F5DFA5A61F1BB76B00610567 /* pqueue.h */ = {isa = PBXFileReference; fileEncoding = 4; lastKnownFileType = sourcecode.c.h; name = pqueue.h; path = Frameworks/openSSL/include/openssl/pqueue.h; sourceTree = "<group>"; };
		F5DFA5A71F1BB76B00610567 /* rand.h */ = {isa = PBXFileReference; fileEncoding = 4; lastKnownFileType = sourcecode.c.h; name = rand.h; path = Frameworks/openSSL/include/openssl/rand.h; sourceTree = "<group>"; };
		F5DFA5A81F1BB76B00610567 /* rc2.h */ = {isa = PBXFileReference; fileEncoding = 4; lastKnownFileType = sourcecode.c.h; name = rc2.h; path = Frameworks/openSSL/include/openssl/rc2.h; sourceTree = "<group>"; };
		F5DFA5A91F1BB76B00610567 /* rc4.h */ = {isa = PBXFileReference; fileEncoding = 4; lastKnownFileType = sourcecode.c.h; name = rc4.h; path = Frameworks/openSSL/include/openssl/rc4.h; sourceTree = "<group>"; };
		F5DFA5AA1F1BB76B00610567 /* ripemd.h */ = {isa = PBXFileReference; fileEncoding = 4; lastKnownFileType = sourcecode.c.h; name = ripemd.h; path = Frameworks/openSSL/include/openssl/ripemd.h; sourceTree = "<group>"; };
		F5DFA5AB1F1BB76B00610567 /* rsa.h */ = {isa = PBXFileReference; fileEncoding = 4; lastKnownFileType = sourcecode.c.h; name = rsa.h; path = Frameworks/openSSL/include/openssl/rsa.h; sourceTree = "<group>"; };
		F5DFA5AC1F1BB76B00610567 /* safestack.h */ = {isa = PBXFileReference; fileEncoding = 4; lastKnownFileType = sourcecode.c.h; name = safestack.h; path = Frameworks/openSSL/include/openssl/safestack.h; sourceTree = "<group>"; };
		F5DFA5AD1F1BB76B00610567 /* seed.h */ = {isa = PBXFileReference; fileEncoding = 4; lastKnownFileType = sourcecode.c.h; name = seed.h; path = Frameworks/openSSL/include/openssl/seed.h; sourceTree = "<group>"; };
		F5DFA5AE1F1BB76B00610567 /* sha.h */ = {isa = PBXFileReference; fileEncoding = 4; lastKnownFileType = sourcecode.c.h; name = sha.h; path = Frameworks/openSSL/include/openssl/sha.h; sourceTree = "<group>"; };
		F5DFA5AF1F1BB76B00610567 /* srp.h */ = {isa = PBXFileReference; fileEncoding = 4; lastKnownFileType = sourcecode.c.h; name = srp.h; path = Frameworks/openSSL/include/openssl/srp.h; sourceTree = "<group>"; };
		F5DFA5B01F1BB76B00610567 /* srtp.h */ = {isa = PBXFileReference; fileEncoding = 4; lastKnownFileType = sourcecode.c.h; name = srtp.h; path = Frameworks/openSSL/include/openssl/srtp.h; sourceTree = "<group>"; };
		F5DFA5B11F1BB76B00610567 /* ssl.h */ = {isa = PBXFileReference; fileEncoding = 4; lastKnownFileType = sourcecode.c.h; name = ssl.h; path = Frameworks/openSSL/include/openssl/ssl.h; sourceTree = "<group>"; };
		F5DFA5B21F1BB76B00610567 /* ssl2.h */ = {isa = PBXFileReference; fileEncoding = 4; lastKnownFileType = sourcecode.c.h; name = ssl2.h; path = Frameworks/openSSL/include/openssl/ssl2.h; sourceTree = "<group>"; };
		F5DFA5B31F1BB76B00610567 /* ssl3.h */ = {isa = PBXFileReference; fileEncoding = 4; lastKnownFileType = sourcecode.c.h; name = ssl3.h; path = Frameworks/openSSL/include/openssl/ssl3.h; sourceTree = "<group>"; };
		F5DFA5B41F1BB76B00610567 /* ssl23.h */ = {isa = PBXFileReference; fileEncoding = 4; lastKnownFileType = sourcecode.c.h; name = ssl23.h; path = Frameworks/openSSL/include/openssl/ssl23.h; sourceTree = "<group>"; };
		F5DFA5B51F1BB76B00610567 /* stack.h */ = {isa = PBXFileReference; fileEncoding = 4; lastKnownFileType = sourcecode.c.h; name = stack.h; path = Frameworks/openSSL/include/openssl/stack.h; sourceTree = "<group>"; };
		F5DFA5B61F1BB76B00610567 /* symhacks.h */ = {isa = PBXFileReference; fileEncoding = 4; lastKnownFileType = sourcecode.c.h; name = symhacks.h; path = Frameworks/openSSL/include/openssl/symhacks.h; sourceTree = "<group>"; };
		F5DFA5B71F1BB76B00610567 /* tls1.h */ = {isa = PBXFileReference; fileEncoding = 4; lastKnownFileType = sourcecode.c.h; name = tls1.h; path = Frameworks/openSSL/include/openssl/tls1.h; sourceTree = "<group>"; };
		F5DFA5B81F1BB76B00610567 /* ts.h */ = {isa = PBXFileReference; fileEncoding = 4; lastKnownFileType = sourcecode.c.h; name = ts.h; path = Frameworks/openSSL/include/openssl/ts.h; sourceTree = "<group>"; };
		F5DFA5B91F1BB76B00610567 /* txt_db.h */ = {isa = PBXFileReference; fileEncoding = 4; lastKnownFileType = sourcecode.c.h; name = txt_db.h; path = Frameworks/openSSL/include/openssl/txt_db.h; sourceTree = "<group>"; };
		F5DFA5BA1F1BB76B00610567 /* ui_compat.h */ = {isa = PBXFileReference; fileEncoding = 4; lastKnownFileType = sourcecode.c.h; name = ui_compat.h; path = Frameworks/openSSL/include/openssl/ui_compat.h; sourceTree = "<group>"; };
		F5DFA5BB1F1BB76B00610567 /* ui.h */ = {isa = PBXFileReference; fileEncoding = 4; lastKnownFileType = sourcecode.c.h; name = ui.h; path = Frameworks/openSSL/include/openssl/ui.h; sourceTree = "<group>"; };
		F5DFA5BC1F1BB76B00610567 /* whrlpool.h */ = {isa = PBXFileReference; fileEncoding = 4; lastKnownFileType = sourcecode.c.h; name = whrlpool.h; path = Frameworks/openSSL/include/openssl/whrlpool.h; sourceTree = "<group>"; };
		F5DFA5BD1F1BB76B00610567 /* x509_vfy.h */ = {isa = PBXFileReference; fileEncoding = 4; lastKnownFileType = sourcecode.c.h; name = x509_vfy.h; path = Frameworks/openSSL/include/openssl/x509_vfy.h; sourceTree = "<group>"; };
		F5DFA5BE1F1BB76C00610567 /* x509.h */ = {isa = PBXFileReference; fileEncoding = 4; lastKnownFileType = sourcecode.c.h; name = x509.h; path = Frameworks/openSSL/include/openssl/x509.h; sourceTree = "<group>"; };
		F5DFA5BF1F1BB76C00610567 /* x509v3.h */ = {isa = PBXFileReference; fileEncoding = 4; lastKnownFileType = sourcecode.c.h; name = x509v3.h; path = Frameworks/openSSL/include/openssl/x509v3.h; sourceTree = "<group>"; };
		F5EBCA2A1F407A7E00347CDD /* WhitewalkerInterfaceController.swift */ = {isa = PBXFileReference; lastKnownFileType = sourcecode.swift; path = WhitewalkerInterfaceController.swift; sourceTree = "<group>"; };
/* End PBXFileReference section */

/* Begin PBXFrameworksBuildPhase section */
		F50C394E1F1577B600109767 /* Frameworks */ = {
			isa = PBXFrameworksBuildPhase;
			buildActionMask = 2147483647;
			files = (
				F57013A21F362C110008328F /* SystemConfiguration.framework in Frameworks */,
				F5DFA5721F1BB62100610567 /* libssl.a in Frameworks */,
				F5DFA5711F1BB62100610567 /* libcrypto.a in Frameworks */,
			);
			runOnlyForDeploymentPostprocessing = 0;
		};
		F50C39621F1577B600109767 /* Frameworks */ = {
			isa = PBXFrameworksBuildPhase;
			buildActionMask = 2147483647;
			files = (
			);
			runOnlyForDeploymentPostprocessing = 0;
		};
		F50C396D1F1577B600109767 /* Frameworks */ = {
			isa = PBXFrameworksBuildPhase;
			buildActionMask = 2147483647;
			files = (
			);
			runOnlyForDeploymentPostprocessing = 0;
		};
		F50C39851F1577B700109767 /* Frameworks */ = {
			isa = PBXFrameworksBuildPhase;
			buildActionMask = 2147483647;
			files = (
				F5DFA5C11F1BB8F100610567 /* libssl.a in Frameworks */,
				F5DFA5C01F1BB8F100610567 /* libcrypto.a in Frameworks */,
			);
			runOnlyForDeploymentPostprocessing = 0;
		};
		F57013A51F362D260008328F /* Frameworks */ = {
			isa = PBXFrameworksBuildPhase;
			buildActionMask = 2147483647;
			files = (
			);
			runOnlyForDeploymentPostprocessing = 0;
		};
/* End PBXFrameworksBuildPhase section */

/* Begin PBXGroup section */
		F50C39481F1577B600109767 = {
			isa = PBXGroup;
			children = (
				F57013971F362A1F0008328F /* Shared */,
				F50C39531F1577B600109767 /* iDev2017_watchOS */,
				F50C39681F1577B600109767 /* iDev2017_watchOSTests */,
				F50C39731F1577B700109767 /* iDev2017_watchOSUITests */,
				F50C397D1F1577B700109767 /* iDev2017_watchOS WatchKit App */,
				F50C398C1F1577B700109767 /* iDev2017_watchOS WatchKit Extension */,
				F50C39521F1577B600109767 /* Products */,
				F57013A01F362C110008328F /* Frameworks */,
			);
			sourceTree = "<group>";
		};
		F50C39521F1577B600109767 /* Products */ = {
			isa = PBXGroup;
			children = (
				F50C39511F1577B600109767 /* iDev2017_watchOS.app */,
				F50C39651F1577B600109767 /* iDev2017_watchOSTests.xctest */,
				F50C39701F1577B600109767 /* iDev2017_watchOSUITests.xctest */,
				F50C39791F1577B700109767 /* iDev2017_watchOS WatchKit App.app */,
				F50C39881F1577B700109767 /* iDev2017_watchOS WatchKit Extension.appex */,
			);
			name = Products;
			sourceTree = "<group>";
		};
		F50C39531F1577B600109767 /* iDev2017_watchOS */ = {
			isa = PBXGroup;
			children = (
				F50C39541F1577B600109767 /* AppDelegate.swift */,
				F50C39561F1577B600109767 /* ViewController.swift */,
				F50C39581F1577B600109767 /* Main.storyboard */,
				F50C395D1F1577B600109767 /* LaunchScreen.storyboard */,
				F570139F1F362BB30008328F /* Supporting Files */,
				F57C2B621F1B985C00501CA6 /* Frameworks */,
			);
			path = iDev2017_watchOS;
			sourceTree = "<group>";
		};
		F50C39681F1577B600109767 /* iDev2017_watchOSTests */ = {
			isa = PBXGroup;
			children = (
				F50C39691F1577B600109767 /* iDev2017_watchOSTests.swift */,
				F50C396B1F1577B600109767 /* Info.plist */,
			);
			path = iDev2017_watchOSTests;
			sourceTree = "<group>";
		};
		F50C39731F1577B700109767 /* iDev2017_watchOSUITests */ = {
			isa = PBXGroup;
			children = (
				F50C39741F1577B700109767 /* iDev2017_watchOSUITests.swift */,
				F50C39761F1577B700109767 /* Info.plist */,
			);
			path = iDev2017_watchOSUITests;
			sourceTree = "<group>";
		};
		F50C397D1F1577B700109767 /* iDev2017_watchOS WatchKit App */ = {
			isa = PBXGroup;
			children = (
				F50C397E1F1577B700109767 /* Interface.storyboard */,
				F50C39811F1577B700109767 /* Assets.xcassets */,
				F50C39831F1577B700109767 /* Info.plist */,
			);
			path = "iDev2017_watchOS WatchKit App";
			sourceTree = "<group>";
		};
		F50C398C1F1577B700109767 /* iDev2017_watchOS WatchKit Extension */ = {
			isa = PBXGroup;
			children = (
				F50C398F1F1577B700109767 /* InterfaceController.swift */,
				F50C39911F1577B700109767 /* ExtensionDelegate.swift */,
				F50C39931F1577B700109767 /* NotificationController.swift */,
				F50C39951F1577B700109767 /* ComplicationController.swift */,
				F57C2B541F1A3E9500501CA6 /* TweetInterfaceController.swift */,
				F57C2B5F1F1A412C00501CA6 /* TweetRowController.swift */,
				F5EBCA2A1F407A7E00347CDD /* WhitewalkerInterfaceController.swift */,
				F56279271F1CD58100A1A6E3 /* Supporting Files */,
				F57C2B561F1A40AE00501CA6 /* Twitter */,
				F50C398D1F1577B700109767 /* Supporting Files */,
			);
			path = "iDev2017_watchOS WatchKit Extension";
			sourceTree = "<group>";
		};
		F50C398D1F1577B700109767 /* Supporting Files */ = {
			isa = PBXGroup;
			children = (
				F50C398E1F1577B700109767 /* PushNotificationPayload.apns */,
			);
			name = "Supporting Files";
			sourceTree = "<group>";
		};
		F56279241F1CD46F00A1A6E3 /* Network */ = {
			isa = PBXGroup;
			children = (
				F56279251F1CD4A000A1A6E3 /* NetworkUtilities.swift */,
			);
			path = Network;
			sourceTree = "<group>";
		};
		F56279271F1CD58100A1A6E3 /* Supporting Files */ = {
			isa = PBXGroup;
			children = (
				F56279281F1CD59700A1A6E3 /* idev2017-watchOS-Bridging-Header.h */,
				F50C39971F1577B700109767 /* Assets.xcassets */,
				F50C39991F1577B700109767 /* Info.plist */,
			);
			name = "Supporting Files";
			sourceTree = "<group>";
		};
		F57013971F362A1F0008328F /* Shared */ = {
			isa = PBXGroup;
			children = (
				F570139A1F362A440008328F /* Reachability.h */,
				F57013991F362A440008328F /* Reachability.m */,
				F56279241F1CD46F00A1A6E3 /* Network */,
			);
			path = Shared;
			sourceTree = "<group>";
		};
		F570139F1F362BB30008328F /* Supporting Files */ = {
			isa = PBXGroup;
			children = (
				F570139E1F362B740008328F /* iDev2017_watchOS-Bridging-Header.h */,
				F50C395B1F1577B600109767 /* Assets.xcassets */,
				F50C39601F1577B600109767 /* Info.plist */,
			);
			name = "Supporting Files";
			sourceTree = "<group>";
		};
		F57013A01F362C110008328F /* Frameworks */ = {
			isa = PBXGroup;
			children = (
				F57013A11F362C110008328F /* SystemConfiguration.framework */,
			);
			name = Frameworks;
			sourceTree = "<group>";
		};
		F57C2B561F1A40AE00501CA6 /* Twitter */ = {
			isa = PBXGroup;
			children = (
				F57C2B5D1F1A40FC00501CA6 /* TwitterInterface.swift */,
				F57C2B571F1A40E400501CA6 /* MediaItem.swift */,
				F57C2B581F1A40E400501CA6 /* Tweet.swift */,
				F57C2B591F1A40E400501CA6 /* User.swift */,
			);
			name = Twitter;
			sourceTree = "<group>";
		};
		F57C2B621F1B985C00501CA6 /* Frameworks */ = {
			isa = PBXGroup;
			children = (
				F57C2B671F1B98EC00501CA6 /* openSSL */,
			);
			name = Frameworks;
			sourceTree = "<group>";
		};
		F57C2B671F1B98EC00501CA6 /* openSSL */ = {
			isa = PBXGroup;
			children = (
				F5DFA5731F1BB6E800610567 /* include */,
				F5DFA56E1F1BB5FA00610567 /* lib */,
			);
			name = openSSL;
			sourceTree = "<group>";
		};
		F5DFA56E1F1BB5FA00610567 /* lib */ = {
			isa = PBXGroup;
			children = (
				F5DFA56F1F1BB62100610567 /* libcrypto.a */,
				F5DFA5701F1BB62100610567 /* libssl.a */,
			);
			name = lib;
			sourceTree = "<group>";
		};
		F5DFA5731F1BB6E800610567 /* include */ = {
			isa = PBXGroup;
			children = (
				F5DFA5741F1BB71500610567 /* openssl */,
			);
			name = include;
			sourceTree = "<group>";
		};
		F5DFA5741F1BB71500610567 /* openssl */ = {
			isa = PBXGroup;
			children = (
				F5DFA5751F1BB76B00610567 /* aes.h */,
				F5DFA5761F1BB76B00610567 /* asn1_mac.h */,
				F5DFA5771F1BB76B00610567 /* asn1.h */,
				F5DFA5781F1BB76B00610567 /* asn1t.h */,
				F5DFA5791F1BB76B00610567 /* bio.h */,
				F5DFA57A1F1BB76B00610567 /* blowfish.h */,
				F5DFA57B1F1BB76B00610567 /* bn.h */,
				F5DFA57C1F1BB76B00610567 /* buffer.h */,
				F5DFA57D1F1BB76B00610567 /* camellia.h */,
				F5DFA57E1F1BB76B00610567 /* cast.h */,
				F5DFA57F1F1BB76B00610567 /* cmac.h */,
				F5DFA5801F1BB76B00610567 /* cms.h */,
				F5DFA5811F1BB76B00610567 /* comp.h */,
				F5DFA5821F1BB76B00610567 /* conf_api.h */,
				F5DFA5831F1BB76B00610567 /* conf.h */,
				F5DFA5841F1BB76B00610567 /* crypto.h */,
				F5DFA5851F1BB76B00610567 /* des_old.h */,
				F5DFA5861F1BB76B00610567 /* des.h */,
				F5DFA5871F1BB76B00610567 /* dh.h */,
				F5DFA5881F1BB76B00610567 /* dsa.h */,
				F5DFA5891F1BB76B00610567 /* dso.h */,
				F5DFA58A1F1BB76B00610567 /* dtls1.h */,
				F5DFA58B1F1BB76B00610567 /* e_os2.h */,
				F5DFA58C1F1BB76B00610567 /* ebcdic.h */,
				F5DFA58D1F1BB76B00610567 /* ec.h */,
				F5DFA58E1F1BB76B00610567 /* ecdh.h */,
				F5DFA58F1F1BB76B00610567 /* ecdsa.h */,
				F5DFA5901F1BB76B00610567 /* engine.h */,
				F5DFA5911F1BB76B00610567 /* err.h */,
				F5DFA5921F1BB76B00610567 /* evp.h */,
				F5DFA5931F1BB76B00610567 /* hmac.h */,
				F5DFA5941F1BB76B00610567 /* idea.h */,
				F5DFA5951F1BB76B00610567 /* krb5_asn.h */,
				F5DFA5961F1BB76B00610567 /* kssl.h */,
				F5DFA5971F1BB76B00610567 /* lhash.h */,
				F5DFA5981F1BB76B00610567 /* md4.h */,
				F5DFA5991F1BB76B00610567 /* md5.h */,
				F5DFA59A1F1BB76B00610567 /* mdc2.h */,
				F5DFA59B1F1BB76B00610567 /* modes.h */,
				F5DFA59C1F1BB76B00610567 /* obj_mac.h */,
				F5DFA59D1F1BB76B00610567 /* objects.h */,
				F5DFA59E1F1BB76B00610567 /* ocsp.h */,
				F5DFA59F1F1BB76B00610567 /* opensslconf.h */,
				F5DFA5A01F1BB76B00610567 /* opensslv.h */,
				F5DFA5A11F1BB76B00610567 /* ossl_typ.h */,
				F5DFA5A21F1BB76B00610567 /* pem.h */,
				F5DFA5A31F1BB76B00610567 /* pem2.h */,
				F5DFA5A41F1BB76B00610567 /* pkcs7.h */,
				F5DFA5A51F1BB76B00610567 /* pkcs12.h */,
				F5DFA5A61F1BB76B00610567 /* pqueue.h */,
				F5DFA5A71F1BB76B00610567 /* rand.h */,
				F5DFA5A81F1BB76B00610567 /* rc2.h */,
				F5DFA5A91F1BB76B00610567 /* rc4.h */,
				F5DFA5AA1F1BB76B00610567 /* ripemd.h */,
				F5DFA5AB1F1BB76B00610567 /* rsa.h */,
				F5DFA5AC1F1BB76B00610567 /* safestack.h */,
				F5DFA5AD1F1BB76B00610567 /* seed.h */,
				F5DFA5AE1F1BB76B00610567 /* sha.h */,
				F5DFA5AF1F1BB76B00610567 /* srp.h */,
				F5DFA5B01F1BB76B00610567 /* srtp.h */,
				F5DFA5B11F1BB76B00610567 /* ssl.h */,
				F5DFA5B21F1BB76B00610567 /* ssl2.h */,
				F5DFA5B31F1BB76B00610567 /* ssl3.h */,
				F5DFA5B41F1BB76B00610567 /* ssl23.h */,
				F5DFA5B51F1BB76B00610567 /* stack.h */,
				F5DFA5B61F1BB76B00610567 /* symhacks.h */,
				F5DFA5B71F1BB76B00610567 /* tls1.h */,
				F5DFA5B81F1BB76B00610567 /* ts.h */,
				F5DFA5B91F1BB76B00610567 /* txt_db.h */,
				F5DFA5BA1F1BB76B00610567 /* ui_compat.h */,
				F5DFA5BB1F1BB76B00610567 /* ui.h */,
				F5DFA5BC1F1BB76B00610567 /* whrlpool.h */,
				F5DFA5BD1F1BB76B00610567 /* x509_vfy.h */,
				F5DFA5BE1F1BB76C00610567 /* x509.h */,
				F5DFA5BF1F1BB76C00610567 /* x509v3.h */,
			);
			name = openssl;
			sourceTree = "<group>";
		};
/* End PBXGroup section */

/* Begin PBXNativeTarget section */
		F50C39501F1577B600109767 /* iDev2017_watchOS */ = {
			isa = PBXNativeTarget;
			buildConfigurationList = F50C39A41F1577B700109767 /* Build configuration list for PBXNativeTarget "iDev2017_watchOS" */;
			buildPhases = (
				F50C394D1F1577B600109767 /* Sources */,
				F50C394E1F1577B600109767 /* Frameworks */,
				F50C394F1F1577B600109767 /* Resources */,
				F50C39A31F1577B700109767 /* Embed Watch Content */,
			);
			buildRules = (
			);
			dependencies = (
				F50C397C1F1577B700109767 /* PBXTargetDependency */,
			);
			name = iDev2017_watchOS;
			productName = iDev2017_watchOS;
			productReference = F50C39511F1577B600109767 /* iDev2017_watchOS.app */;
			productType = "com.apple.product-type.application";
		};
		F50C39641F1577B600109767 /* iDev2017_watchOSTests */ = {
			isa = PBXNativeTarget;
			buildConfigurationList = F50C39A71F1577B700109767 /* Build configuration list for PBXNativeTarget "iDev2017_watchOSTests" */;
			buildPhases = (
				F50C39611F1577B600109767 /* Sources */,
				F50C39621F1577B600109767 /* Frameworks */,
				F50C39631F1577B600109767 /* Resources */,
			);
			buildRules = (
			);
			dependencies = (
				F50C39671F1577B600109767 /* PBXTargetDependency */,
			);
			name = iDev2017_watchOSTests;
			productName = iDev2017_watchOSTests;
			productReference = F50C39651F1577B600109767 /* iDev2017_watchOSTests.xctest */;
			productType = "com.apple.product-type.bundle.unit-test";
		};
		F50C396F1F1577B600109767 /* iDev2017_watchOSUITests */ = {
			isa = PBXNativeTarget;
			buildConfigurationList = F50C39AA1F1577B700109767 /* Build configuration list for PBXNativeTarget "iDev2017_watchOSUITests" */;
			buildPhases = (
				F50C396C1F1577B600109767 /* Sources */,
				F50C396D1F1577B600109767 /* Frameworks */,
				F50C396E1F1577B600109767 /* Resources */,
			);
			buildRules = (
			);
			dependencies = (
				F50C39721F1577B700109767 /* PBXTargetDependency */,
			);
			name = iDev2017_watchOSUITests;
			productName = iDev2017_watchOSUITests;
			productReference = F50C39701F1577B600109767 /* iDev2017_watchOSUITests.xctest */;
			productType = "com.apple.product-type.bundle.ui-testing";
		};
		F50C39781F1577B700109767 /* iDev2017_watchOS WatchKit App */ = {
			isa = PBXNativeTarget;
			buildConfigurationList = F50C39A01F1577B700109767 /* Build configuration list for PBXNativeTarget "iDev2017_watchOS WatchKit App" */;
			buildPhases = (
				F50C39771F1577B700109767 /* Resources */,
				F50C399F1F1577B700109767 /* Embed App Extensions */,
				F57013A51F362D260008328F /* Frameworks */,
			);
			buildRules = (
			);
			dependencies = (
				F50C398B1F1577B700109767 /* PBXTargetDependency */,
			);
			name = "iDev2017_watchOS WatchKit App";
			productName = "iDev2017_watchOS WatchKit App";
			productReference = F50C39791F1577B700109767 /* iDev2017_watchOS WatchKit App.app */;
			productType = "com.apple.product-type.application.watchapp2";
		};
		F50C39871F1577B700109767 /* iDev2017_watchOS WatchKit Extension */ = {
			isa = PBXNativeTarget;
			buildConfigurationList = F50C399C1F1577B700109767 /* Build configuration list for PBXNativeTarget "iDev2017_watchOS WatchKit Extension" */;
			buildPhases = (
				F50C39841F1577B700109767 /* Sources */,
				F50C39851F1577B700109767 /* Frameworks */,
				F50C39861F1577B700109767 /* Resources */,
			);
			buildRules = (
			);
			dependencies = (
			);
			name = "iDev2017_watchOS WatchKit Extension";
			productName = "iDev2017_watchOS WatchKit Extension";
			productReference = F50C39881F1577B700109767 /* iDev2017_watchOS WatchKit Extension.appex */;
			productType = "com.apple.product-type.watchkit2-extension";
		};
/* End PBXNativeTarget section */

/* Begin PBXProject section */
		F50C39491F1577B600109767 /* Project object */ = {
			isa = PBXProject;
			attributes = {
				LastSwiftUpdateCheck = 0830;
				LastUpgradeCheck = 0900;
				ORGANIZATIONNAME = "Lowyoyo, LLC";
				TargetAttributes = {
					F50C39501F1577B600109767 = {
						CreatedOnToolsVersion = 8.3.2;
						DevelopmentTeam = GBDZQKUR6E;
						LastSwiftMigration = 0900;
						ProvisioningStyle = Automatic;
					};
					F50C39641F1577B600109767 = {
						CreatedOnToolsVersion = 8.3.2;
						DevelopmentTeam = GBDZQKUR6E;
						LastSwiftMigration = 0900;
						ProvisioningStyle = Automatic;
						TestTargetID = F50C39501F1577B600109767;
					};
					F50C396F1F1577B600109767 = {
						CreatedOnToolsVersion = 8.3.2;
						DevelopmentTeam = GBDZQKUR6E;
						LastSwiftMigration = 0900;
						ProvisioningStyle = Automatic;
						TestTargetID = F50C39501F1577B600109767;
					};
					F50C39781F1577B700109767 = {
						CreatedOnToolsVersion = 8.3.2;
						DevelopmentTeam = GBDZQKUR6E;
						LastSwiftMigration = 0900;
						ProvisioningStyle = Automatic;
					};
					F50C39871F1577B700109767 = {
						CreatedOnToolsVersion = 8.3.2;
						DevelopmentTeam = GBDZQKUR6E;
						LastSwiftMigration = 0900;
						ProvisioningStyle = Automatic;
					};
				};
			};
			buildConfigurationList = F50C394C1F1577B600109767 /* Build configuration list for PBXProject "iDev2017_watchOS" */;
			compatibilityVersion = "Xcode 3.2";
			developmentRegion = English;
			hasScannedForEncodings = 0;
			knownRegions = (
				en,
				Base,
			);
			mainGroup = F50C39481F1577B600109767;
			productRefGroup = F50C39521F1577B600109767 /* Products */;
			projectDirPath = "";
			projectRoot = "";
			targets = (
				F50C39501F1577B600109767 /* iDev2017_watchOS */,
				F50C39641F1577B600109767 /* iDev2017_watchOSTests */,
				F50C396F1F1577B600109767 /* iDev2017_watchOSUITests */,
				F50C39781F1577B700109767 /* iDev2017_watchOS WatchKit App */,
				F50C39871F1577B700109767 /* iDev2017_watchOS WatchKit Extension */,
			);
		};
/* End PBXProject section */

/* Begin PBXResourcesBuildPhase section */
		F50C394F1F1577B600109767 /* Resources */ = {
			isa = PBXResourcesBuildPhase;
			buildActionMask = 2147483647;
			files = (
				F50C395F1F1577B600109767 /* LaunchScreen.storyboard in Resources */,
				F50C395C1F1577B600109767 /* Assets.xcassets in Resources */,
				F50C395A1F1577B600109767 /* Main.storyboard in Resources */,
			);
			runOnlyForDeploymentPostprocessing = 0;
		};
		F50C39631F1577B600109767 /* Resources */ = {
			isa = PBXResourcesBuildPhase;
			buildActionMask = 2147483647;
			files = (
			);
			runOnlyForDeploymentPostprocessing = 0;
		};
		F50C396E1F1577B600109767 /* Resources */ = {
			isa = PBXResourcesBuildPhase;
			buildActionMask = 2147483647;
			files = (
			);
			runOnlyForDeploymentPostprocessing = 0;
		};
		F50C39771F1577B700109767 /* Resources */ = {
			isa = PBXResourcesBuildPhase;
			buildActionMask = 2147483647;
			files = (
				F50C39821F1577B700109767 /* Assets.xcassets in Resources */,
				F50C39801F1577B700109767 /* Interface.storyboard in Resources */,
			);
			runOnlyForDeploymentPostprocessing = 0;
		};
		F50C39861F1577B700109767 /* Resources */ = {
			isa = PBXResourcesBuildPhase;
			buildActionMask = 2147483647;
			files = (
				F50C39AE1F157A6400109767 /* Assets.xcassets in Resources */,
				F50C39981F1577B700109767 /* Assets.xcassets in Resources */,
			);
			runOnlyForDeploymentPostprocessing = 0;
		};
/* End PBXResourcesBuildPhase section */

/* Begin PBXSourcesBuildPhase section */
		F50C394D1F1577B600109767 /* Sources */ = {
			isa = PBXSourcesBuildPhase;
			buildActionMask = 2147483647;
			files = (
				F50C39571F1577B600109767 /* ViewController.swift in Sources */,
				F570139B1F362A440008328F /* Reachability.m in Sources */,
				F50C39551F1577B600109767 /* AppDelegate.swift in Sources */,
				F570139D1F362B540008328F /* NetworkUtilities.swift in Sources */,
			);
			runOnlyForDeploymentPostprocessing = 0;
		};
		F50C39611F1577B600109767 /* Sources */ = {
			isa = PBXSourcesBuildPhase;
			buildActionMask = 2147483647;
			files = (
				F50C396A1F1577B600109767 /* iDev2017_watchOSTests.swift in Sources */,
			);
			runOnlyForDeploymentPostprocessing = 0;
		};
		F50C396C1F1577B600109767 /* Sources */ = {
			isa = PBXSourcesBuildPhase;
			buildActionMask = 2147483647;
			files = (
				F50C39751F1577B700109767 /* iDev2017_watchOSUITests.swift in Sources */,
			);
			runOnlyForDeploymentPostprocessing = 0;
		};
		F50C39841F1577B700109767 /* Sources */ = {
			isa = PBXSourcesBuildPhase;
			buildActionMask = 2147483647;
			files = (
				F57C2B601F1A412C00501CA6 /* TweetRowController.swift in Sources */,
				F50C39941F1577B700109767 /* NotificationController.swift in Sources */,
				F50C39961F1577B700109767 /* ComplicationController.swift in Sources */,
				F50C39921F1577B700109767 /* ExtensionDelegate.swift in Sources */,
				F56279261F1CD4A000A1A6E3 /* NetworkUtilities.swift in Sources */,
				F57C2B5B1F1A40E400501CA6 /* Tweet.swift in Sources */,
				F57C2B5E1F1A40FC00501CA6 /* TwitterInterface.swift in Sources */,
				F5EBCA2B1F407A7E00347CDD /* WhitewalkerInterfaceController.swift in Sources */,
				F57C2B5C1F1A40E400501CA6 /* User.swift in Sources */,
				F57C2B551F1A3E9500501CA6 /* TweetInterfaceController.swift in Sources */,
				F50C39901F1577B700109767 /* InterfaceController.swift in Sources */,
				F57C2B5A1F1A40E400501CA6 /* MediaItem.swift in Sources */,
			);
			runOnlyForDeploymentPostprocessing = 0;
		};
/* End PBXSourcesBuildPhase section */

/* Begin PBXTargetDependency section */
		F50C39671F1577B600109767 /* PBXTargetDependency */ = {
			isa = PBXTargetDependency;
			target = F50C39501F1577B600109767 /* iDev2017_watchOS */;
			targetProxy = F50C39661F1577B600109767 /* PBXContainerItemProxy */;
		};
		F50C39721F1577B700109767 /* PBXTargetDependency */ = {
			isa = PBXTargetDependency;
			target = F50C39501F1577B600109767 /* iDev2017_watchOS */;
			targetProxy = F50C39711F1577B700109767 /* PBXContainerItemProxy */;
		};
		F50C397C1F1577B700109767 /* PBXTargetDependency */ = {
			isa = PBXTargetDependency;
			target = F50C39781F1577B700109767 /* iDev2017_watchOS WatchKit App */;
			targetProxy = F50C397B1F1577B700109767 /* PBXContainerItemProxy */;
		};
		F50C398B1F1577B700109767 /* PBXTargetDependency */ = {
			isa = PBXTargetDependency;
			target = F50C39871F1577B700109767 /* iDev2017_watchOS WatchKit Extension */;
			targetProxy = F50C398A1F1577B700109767 /* PBXContainerItemProxy */;
		};
/* End PBXTargetDependency section */

/* Begin PBXVariantGroup section */
		F50C39581F1577B600109767 /* Main.storyboard */ = {
			isa = PBXVariantGroup;
			children = (
				F50C39591F1577B600109767 /* Base */,
			);
			name = Main.storyboard;
			sourceTree = "<group>";
		};
		F50C395D1F1577B600109767 /* LaunchScreen.storyboard */ = {
			isa = PBXVariantGroup;
			children = (
				F50C395E1F1577B600109767 /* Base */,
			);
			name = LaunchScreen.storyboard;
			sourceTree = "<group>";
		};
		F50C397E1F1577B700109767 /* Interface.storyboard */ = {
			isa = PBXVariantGroup;
			children = (
				F50C397F1F1577B700109767 /* Base */,
			);
			name = Interface.storyboard;
			sourceTree = "<group>";
		};
/* End PBXVariantGroup section */

/* Begin XCBuildConfiguration section */
		F50C399A1F1577B700109767 /* Debug */ = {
			isa = XCBuildConfiguration;
			buildSettings = {
				ALWAYS_SEARCH_USER_PATHS = NO;
				CLANG_ANALYZER_NONNULL = YES;
				CLANG_ANALYZER_NUMBER_OBJECT_CONVERSION = YES_AGGRESSIVE;
				CLANG_CXX_LANGUAGE_STANDARD = "gnu++0x";
				CLANG_CXX_LIBRARY = "libc++";
				CLANG_ENABLE_MODULES = YES;
				CLANG_ENABLE_OBJC_ARC = YES;
				CLANG_WARN_BLOCK_CAPTURE_AUTORELEASING = YES;
				CLANG_WARN_BOOL_CONVERSION = YES;
				CLANG_WARN_COMMA = YES;
				CLANG_WARN_CONSTANT_CONVERSION = YES;
				CLANG_WARN_DIRECT_OBJC_ISA_USAGE = YES_ERROR;
				CLANG_WARN_DOCUMENTATION_COMMENTS = YES;
				CLANG_WARN_EMPTY_BODY = YES;
				CLANG_WARN_ENUM_CONVERSION = YES;
				CLANG_WARN_INFINITE_RECURSION = YES;
				CLANG_WARN_INT_CONVERSION = YES;
				CLANG_WARN_NON_LITERAL_NULL_CONVERSION = YES;
				CLANG_WARN_OBJC_LITERAL_CONVERSION = YES;
				CLANG_WARN_OBJC_ROOT_CLASS = YES_ERROR;
				CLANG_WARN_RANGE_LOOP_ANALYSIS = YES;
				CLANG_WARN_STRICT_PROTOTYPES = YES;
				CLANG_WARN_SUSPICIOUS_MOVE = YES;
				CLANG_WARN_UNREACHABLE_CODE = YES;
				CLANG_WARN__DUPLICATE_METHOD_MATCH = YES;
				"CODE_SIGN_IDENTITY[sdk=iphoneos*]" = "iPhone Developer";
				COPY_PHASE_STRIP = NO;
				DEBUG_INFORMATION_FORMAT = dwarf;
				ENABLE_STRICT_OBJC_MSGSEND = YES;
				ENABLE_TESTABILITY = YES;
				GCC_C_LANGUAGE_STANDARD = gnu99;
				GCC_DYNAMIC_NO_PIC = NO;
				GCC_NO_COMMON_BLOCKS = YES;
				GCC_OPTIMIZATION_LEVEL = 0;
				GCC_PREPROCESSOR_DEFINITIONS = (
					"DEBUG=1",
					"$(inherited)",
				);
				GCC_WARN_64_TO_32_BIT_CONVERSION = YES;
				GCC_WARN_ABOUT_RETURN_TYPE = YES_ERROR;
				GCC_WARN_UNDECLARED_SELECTOR = YES;
				GCC_WARN_UNINITIALIZED_AUTOS = YES_AGGRESSIVE;
				GCC_WARN_UNUSED_FUNCTION = YES;
				GCC_WARN_UNUSED_VARIABLE = YES;
				IPHONEOS_DEPLOYMENT_TARGET = 11.0;
				MTL_ENABLE_DEBUG_INFO = YES;
				ONLY_ACTIVE_ARCH = YES;
				SDKROOT = iphoneos;
				SWIFT_ACTIVE_COMPILATION_CONDITIONS = DEBUG;
				SWIFT_OPTIMIZATION_LEVEL = "-Onone";
				SWIFT_SWIFT3_OBJC_INFERENCE = Off;
				TARGETED_DEVICE_FAMILY = "1,2";
			};
			name = Debug;
		};
		F50C399B1F1577B700109767 /* Release */ = {
			isa = XCBuildConfiguration;
			buildSettings = {
				ALWAYS_SEARCH_USER_PATHS = NO;
				CLANG_ANALYZER_NONNULL = YES;
				CLANG_ANALYZER_NUMBER_OBJECT_CONVERSION = YES_AGGRESSIVE;
				CLANG_CXX_LANGUAGE_STANDARD = "gnu++0x";
				CLANG_CXX_LIBRARY = "libc++";
				CLANG_ENABLE_MODULES = YES;
				CLANG_ENABLE_OBJC_ARC = YES;
				CLANG_WARN_BLOCK_CAPTURE_AUTORELEASING = YES;
				CLANG_WARN_BOOL_CONVERSION = YES;
				CLANG_WARN_COMMA = YES;
				CLANG_WARN_CONSTANT_CONVERSION = YES;
				CLANG_WARN_DIRECT_OBJC_ISA_USAGE = YES_ERROR;
				CLANG_WARN_DOCUMENTATION_COMMENTS = YES;
				CLANG_WARN_EMPTY_BODY = YES;
				CLANG_WARN_ENUM_CONVERSION = YES;
				CLANG_WARN_INFINITE_RECURSION = YES;
				CLANG_WARN_INT_CONVERSION = YES;
				CLANG_WARN_NON_LITERAL_NULL_CONVERSION = YES;
				CLANG_WARN_OBJC_LITERAL_CONVERSION = YES;
				CLANG_WARN_OBJC_ROOT_CLASS = YES_ERROR;
				CLANG_WARN_RANGE_LOOP_ANALYSIS = YES;
				CLANG_WARN_STRICT_PROTOTYPES = YES;
				CLANG_WARN_SUSPICIOUS_MOVE = YES;
				CLANG_WARN_UNREACHABLE_CODE = YES;
				CLANG_WARN__DUPLICATE_METHOD_MATCH = YES;
				"CODE_SIGN_IDENTITY[sdk=iphoneos*]" = "iPhone Developer";
				COPY_PHASE_STRIP = NO;
				DEBUG_INFORMATION_FORMAT = "dwarf-with-dsym";
				ENABLE_NS_ASSERTIONS = NO;
				ENABLE_STRICT_OBJC_MSGSEND = YES;
				GCC_C_LANGUAGE_STANDARD = gnu99;
				GCC_NO_COMMON_BLOCKS = YES;
				GCC_WARN_64_TO_32_BIT_CONVERSION = YES;
				GCC_WARN_ABOUT_RETURN_TYPE = YES_ERROR;
				GCC_WARN_UNDECLARED_SELECTOR = YES;
				GCC_WARN_UNINITIALIZED_AUTOS = YES_AGGRESSIVE;
				GCC_WARN_UNUSED_FUNCTION = YES;
				GCC_WARN_UNUSED_VARIABLE = YES;
				IPHONEOS_DEPLOYMENT_TARGET = 11.0;
				MTL_ENABLE_DEBUG_INFO = NO;
				SDKROOT = iphoneos;
				SWIFT_OPTIMIZATION_LEVEL = "-Owholemodule";
				SWIFT_SWIFT3_OBJC_INFERENCE = Off;
				TARGETED_DEVICE_FAMILY = "1,2";
				VALIDATE_PRODUCT = YES;
			};
			name = Release;
		};
		F50C399D1F1577B700109767 /* Debug */ = {
			isa = XCBuildConfiguration;
			buildSettings = {
				ASSETCATALOG_COMPILER_COMPLICATION_NAME = Complication;
				DEVELOPMENT_TEAM = GBDZQKUR6E;
				INFOPLIST_FILE = "iDev2017_watchOS WatchKit Extension/Info.plist";
				LD_RUNPATH_SEARCH_PATHS = "$(inherited) @executable_path/Frameworks @executable_path/../../Frameworks";
				LIBRARY_SEARCH_PATHS = (
					"$(inherited)",
					"$(PROJECT_DIR)/iDev2017_watchOS/Frameworks/openSSL",
					"$(PROJECT_DIR)/iDev2017_watchOS/Frameworks/openSSL/lib",
				);
				PRODUCT_BUNDLE_IDENTIFIER = "com.lowyoyo.iDev2017-watchOS.watchkitapp.watchkitextension";
				PRODUCT_NAME = "${TARGET_NAME}";
				SDKROOT = watchos;
				SKIP_INSTALL = YES;
				SWIFT_OBJC_BRIDGING_HEADER = "iDev2017_watchOS WatchKit Extension/idev2017-watchOS-Bridging-Header.h";
				SWIFT_SWIFT3_OBJC_INFERENCE = Off;
				SWIFT_VERSION = 4.0;
				TARGETED_DEVICE_FAMILY = 4;
				WATCHOS_DEPLOYMENT_TARGET = 4.0;
			};
			name = Debug;
		};
		F50C399E1F1577B700109767 /* Release */ = {
			isa = XCBuildConfiguration;
			buildSettings = {
				ASSETCATALOG_COMPILER_COMPLICATION_NAME = Complication;
				DEVELOPMENT_TEAM = GBDZQKUR6E;
				INFOPLIST_FILE = "iDev2017_watchOS WatchKit Extension/Info.plist";
				LD_RUNPATH_SEARCH_PATHS = "$(inherited) @executable_path/Frameworks @executable_path/../../Frameworks";
				LIBRARY_SEARCH_PATHS = (
					"$(inherited)",
					"$(PROJECT_DIR)/iDev2017_watchOS/Frameworks/openSSL",
					"$(PROJECT_DIR)/iDev2017_watchOS/Frameworks/openSSL/lib",
				);
				PRODUCT_BUNDLE_IDENTIFIER = "com.lowyoyo.iDev2017-watchOS.watchkitapp.watchkitextension";
				PRODUCT_NAME = "${TARGET_NAME}";
				SDKROOT = watchos;
				SKIP_INSTALL = YES;
				SWIFT_OBJC_BRIDGING_HEADER = "iDev2017_watchOS WatchKit Extension/idev2017-watchOS-Bridging-Header.h";
				SWIFT_SWIFT3_OBJC_INFERENCE = Off;
				SWIFT_VERSION = 4.0;
				TARGETED_DEVICE_FAMILY = 4;
				WATCHOS_DEPLOYMENT_TARGET = 4.0;
			};
			name = Release;
		};
		F50C39A11F1577B700109767 /* Debug */ = {
			isa = XCBuildConfiguration;
			buildSettings = {
				ALWAYS_EMBED_SWIFT_STANDARD_LIBRARIES = YES;
				ASSETCATALOG_COMPILER_APPICON_NAME = AppIcon;
				DEVELOPMENT_TEAM = GBDZQKUR6E;
				IBSC_MODULE = iDev2017_watchOS_WatchKit_Extension;
				INFOPLIST_FILE = "iDev2017_watchOS WatchKit App/Info.plist";
				LD_RUNPATH_SEARCH_PATHS = "$(inherited) @executable_path/Frameworks";
				PRODUCT_BUNDLE_IDENTIFIER = "com.lowyoyo.iDev2017-watchOS.watchkitapp";
				PRODUCT_NAME = "$(TARGET_NAME)";
				SDKROOT = watchos;
				SKIP_INSTALL = YES;
				SWIFT_SWIFT3_OBJC_INFERENCE = On;
				SWIFT_VERSION = 4.0;
				TARGETED_DEVICE_FAMILY = 4;
				WATCHOS_DEPLOYMENT_TARGET = 4.0;
			};
			name = Debug;
		};
		F50C39A21F1577B700109767 /* Release */ = {
			isa = XCBuildConfiguration;
			buildSettings = {
				ALWAYS_EMBED_SWIFT_STANDARD_LIBRARIES = YES;
				ASSETCATALOG_COMPILER_APPICON_NAME = AppIcon;
				DEVELOPMENT_TEAM = GBDZQKUR6E;
				IBSC_MODULE = iDev2017_watchOS_WatchKit_Extension;
				INFOPLIST_FILE = "iDev2017_watchOS WatchKit App/Info.plist";
				LD_RUNPATH_SEARCH_PATHS = "$(inherited) @executable_path/Frameworks";
				PRODUCT_BUNDLE_IDENTIFIER = "com.lowyoyo.iDev2017-watchOS.watchkitapp";
				PRODUCT_NAME = "$(TARGET_NAME)";
				SDKROOT = watchos;
				SKIP_INSTALL = YES;
				SWIFT_SWIFT3_OBJC_INFERENCE = On;
				SWIFT_VERSION = 4.0;
				TARGETED_DEVICE_FAMILY = 4;
				WATCHOS_DEPLOYMENT_TARGET = 4.0;
			};
			name = Release;
		};
		F50C39A51F1577B700109767 /* Debug */ = {
			isa = XCBuildConfiguration;
			buildSettings = {
				ASSETCATALOG_COMPILER_APPICON_NAME = AppIcon;
				CLANG_ENABLE_MODULES = YES;
				DEVELOPMENT_TEAM = GBDZQKUR6E;
				INFOPLIST_FILE = iDev2017_watchOS/Info.plist;
				IPHONEOS_DEPLOYMENT_TARGET = 11.0;
				LD_RUNPATH_SEARCH_PATHS = "$(inherited) @executable_path/Frameworks";
				LIBRARY_SEARCH_PATHS = (
					"$(inherited)",
					"$(PROJECT_DIR)/iDev2017_watchOS/Frameworks/openSSL",
					"$(PROJECT_DIR)/iDev2017_watchOS/Frameworks/openSSL/lib",
				);
				PRODUCT_BUNDLE_IDENTIFIER = "com.lowyoyo.iDev2017-watchOS";
				PRODUCT_NAME = "$(TARGET_NAME)";
				SWIFT_OBJC_BRIDGING_HEADER = "iDev2017_watchOS/iDev2017_watchOS-Bridging-Header.h";
				SWIFT_OPTIMIZATION_LEVEL = "-Onone";
				SWIFT_SWIFT3_OBJC_INFERENCE = Off;
				SWIFT_VERSION = 4.0;
			};
			name = Debug;
		};
		F50C39A61F1577B700109767 /* Release */ = {
			isa = XCBuildConfiguration;
			buildSettings = {
				ASSETCATALOG_COMPILER_APPICON_NAME = AppIcon;
				CLANG_ENABLE_MODULES = YES;
				DEVELOPMENT_TEAM = GBDZQKUR6E;
				INFOPLIST_FILE = iDev2017_watchOS/Info.plist;
				IPHONEOS_DEPLOYMENT_TARGET = 11.0;
				LD_RUNPATH_SEARCH_PATHS = "$(inherited) @executable_path/Frameworks";
				LIBRARY_SEARCH_PATHS = (
					"$(inherited)",
					"$(PROJECT_DIR)/iDev2017_watchOS/Frameworks/openSSL",
					"$(PROJECT_DIR)/iDev2017_watchOS/Frameworks/openSSL/lib",
				);
				PRODUCT_BUNDLE_IDENTIFIER = "com.lowyoyo.iDev2017-watchOS";
				PRODUCT_NAME = "$(TARGET_NAME)";
				SWIFT_OBJC_BRIDGING_HEADER = "iDev2017_watchOS/iDev2017_watchOS-Bridging-Header.h";
				SWIFT_SWIFT3_OBJC_INFERENCE = Off;
				SWIFT_VERSION = 4.0;
			};
			name = Release;
		};
		F50C39A81F1577B700109767 /* Debug */ = {
			isa = XCBuildConfiguration;
			buildSettings = {
				ALWAYS_EMBED_SWIFT_STANDARD_LIBRARIES = YES;
				BUNDLE_LOADER = "$(TEST_HOST)";
				DEVELOPMENT_TEAM = GBDZQKUR6E;
				INFOPLIST_FILE = iDev2017_watchOSTests/Info.plist;
				LD_RUNPATH_SEARCH_PATHS = "$(inherited) @executable_path/Frameworks @loader_path/Frameworks";
				PRODUCT_BUNDLE_IDENTIFIER = "com.lowyoyo.iDev2017-watchOSTests";
				PRODUCT_NAME = "$(TARGET_NAME)";
				SWIFT_SWIFT3_OBJC_INFERENCE = Off;
				SWIFT_VERSION = 4.0;
				TEST_HOST = "$(BUILT_PRODUCTS_DIR)/iDev2017_watchOS.app/iDev2017_watchOS";
			};
			name = Debug;
		};
		F50C39A91F1577B700109767 /* Release */ = {
			isa = XCBuildConfiguration;
			buildSettings = {
				ALWAYS_EMBED_SWIFT_STANDARD_LIBRARIES = YES;
				BUNDLE_LOADER = "$(TEST_HOST)";
				DEVELOPMENT_TEAM = GBDZQKUR6E;
				INFOPLIST_FILE = iDev2017_watchOSTests/Info.plist;
				LD_RUNPATH_SEARCH_PATHS = "$(inherited) @executable_path/Frameworks @loader_path/Frameworks";
				PRODUCT_BUNDLE_IDENTIFIER = "com.lowyoyo.iDev2017-watchOSTests";
				PRODUCT_NAME = "$(TARGET_NAME)";
				SWIFT_SWIFT3_OBJC_INFERENCE = Off;
				SWIFT_VERSION = 4.0;
				TEST_HOST = "$(BUILT_PRODUCTS_DIR)/iDev2017_watchOS.app/iDev2017_watchOS";
			};
			name = Release;
		};
		F50C39AB1F1577B700109767 /* Debug */ = {
			isa = XCBuildConfiguration;
			buildSettings = {
				ALWAYS_EMBED_SWIFT_STANDARD_LIBRARIES = YES;
				DEVELOPMENT_TEAM = GBDZQKUR6E;
				INFOPLIST_FILE = iDev2017_watchOSUITests/Info.plist;
				LD_RUNPATH_SEARCH_PATHS = "$(inherited) @executable_path/Frameworks @loader_path/Frameworks";
				PRODUCT_BUNDLE_IDENTIFIER = "com.lowyoyo.iDev2017-watchOSUITests";
				PRODUCT_NAME = "$(TARGET_NAME)";
				SWIFT_SWIFT3_OBJC_INFERENCE = Off;
				SWIFT_VERSION = 4.0;
				TEST_TARGET_NAME = iDev2017_watchOS;
			};
			name = Debug;
		};
		F50C39AC1F1577B700109767 /* Release */ = {
			isa = XCBuildConfiguration;
			buildSettings = {
				ALWAYS_EMBED_SWIFT_STANDARD_LIBRARIES = YES;
				DEVELOPMENT_TEAM = GBDZQKUR6E;
				INFOPLIST_FILE = iDev2017_watchOSUITests/Info.plist;
				LD_RUNPATH_SEARCH_PATHS = "$(inherited) @executable_path/Frameworks @loader_path/Frameworks";
				PRODUCT_BUNDLE_IDENTIFIER = "com.lowyoyo.iDev2017-watchOSUITests";
				PRODUCT_NAME = "$(TARGET_NAME)";
				SWIFT_SWIFT3_OBJC_INFERENCE = Off;
				SWIFT_VERSION = 4.0;
				TEST_TARGET_NAME = iDev2017_watchOS;
			};
			name = Release;
		};
/* End XCBuildConfiguration section */

/* Begin XCConfigurationList section */
		F50C394C1F1577B600109767 /* Build configuration list for PBXProject "iDev2017_watchOS" */ = {
			isa = XCConfigurationList;
			buildConfigurations = (
				F50C399A1F1577B700109767 /* Debug */,
				F50C399B1F1577B700109767 /* Release */,
			);
			defaultConfigurationIsVisible = 0;
			defaultConfigurationName = Release;
		};
		F50C399C1F1577B700109767 /* Build configuration list for PBXNativeTarget "iDev2017_watchOS WatchKit Extension" */ = {
			isa = XCConfigurationList;
			buildConfigurations = (
				F50C399D1F1577B700109767 /* Debug */,
				F50C399E1F1577B700109767 /* Release */,
			);
			defaultConfigurationIsVisible = 0;
			defaultConfigurationName = Release;
		};
		F50C39A01F1577B700109767 /* Build configuration list for PBXNativeTarget "iDev2017_watchOS WatchKit App" */ = {
			isa = XCConfigurationList;
			buildConfigurations = (
				F50C39A11F1577B700109767 /* Debug */,
				F50C39A21F1577B700109767 /* Release */,
			);
			defaultConfigurationIsVisible = 0;
			defaultConfigurationName = Release;
		};
		F50C39A41F1577B700109767 /* Build configuration list for PBXNativeTarget "iDev2017_watchOS" */ = {
			isa = XCConfigurationList;
			buildConfigurations = (
				F50C39A51F1577B700109767 /* Debug */,
				F50C39A61F1577B700109767 /* Release */,
			);
			defaultConfigurationIsVisible = 0;
			defaultConfigurationName = Release;
		};
		F50C39A71F1577B700109767 /* Build configuration list for PBXNativeTarget "iDev2017_watchOSTests" */ = {
			isa = XCConfigurationList;
			buildConfigurations = (
				F50C39A81F1577B700109767 /* Debug */,
				F50C39A91F1577B700109767 /* Release */,
			);
			defaultConfigurationIsVisible = 0;
			defaultConfigurationName = Release;
		};
		F50C39AA1F1577B700109767 /* Build configuration list for PBXNativeTarget "iDev2017_watchOSUITests" */ = {
			isa = XCConfigurationList;
			buildConfigurations = (
				F50C39AB1F1577B700109767 /* Debug */,
				F50C39AC1F1577B700109767 /* Release */,
			);
			defaultConfigurationIsVisible = 0;
			defaultConfigurationName = Release;
		};
/* End XCConfigurationList section */
	};
	rootObject = F50C39491F1577B600109767 /* Project object */;
}
